dependencies:
  chmorgan/esp-audio-player:
    dependencies: []
    source:
      path: C:\Users\BiLKANCOMPUTERS\Desktop\School\CNG492\DashboardApplication\components\chmorgan__esp-audio-player
      type: local
    version: 1.0.7
  chmorgan/esp-libhelix-mp3:
    dependencies: []
    source:
      path: C:\Users\BiLKANCOMPUTERS\Desktop\School\CNG492\DashboardApplication\components\chmorgan__esp-libhelix-mp3
      type: local
    version: 1.0.3
  espressif/esp-dsp:
    dependencies: []
    source:
      path: C:\Users\BiLKANCOMPUTERS\Desktop\School\CNG492\DashboardApplication\components\espressif__esp-dsp
      type: local
    version: 1.4.12
  espressif/esp-sr:
    dependencies: []
    source:
      path: C:\Users\BiLKANCOMPUTERS\Desktop\School\CNG492\DashboardApplication\components\espressif__esp-sr
      type: local
    version: 1.9.4
  idf:
    source:
      type: idf
    version: 5.4.0
  lvgl/lvgl:
    dependencies: []
    source:
      path: C:\Users\BiLKANCOMPUTERS\Desktop\School\CNG492\DashboardApplication\components\lvgl__lvgl
      type: local
    version: 9.2.2
direct_dependencies:
- chmorgan/esp-audio-player
- chmorgan/esp-libhelix-mp3
- espressif/esp-dsp
- espressif/esp-sr
- idf
- lvgl/lvgl
manifest_hash: 038b587a443051630052515bad20866e4475e0acbca53d06152ece670c6a77a5
target: esp32s3
version: 2.0.0
